
Microsoft Visual Studio Solution File, Format Version 12.00
Project("{FAE04EC0-301F-11D3-BF4B-00C04F79EFBC}") = "Elsa.Guides.HelloWorld.ConsoleApp", "src\Elsa.Guides.HelloWorld.ConsoleApp\Elsa.Guides.HelloWorld.ConsoleApp.csproj", "{1F446828-EC07-459A-B1A9-02107CE73D02}"
EndProject
Project("{FAE04EC0-301F-11D3-BF4B-00C04F79EFBC}") = "Elsa.Guides.RecurringTask.ConsoleApp", "src\Elsa.Guides.RecurringTask.ConsoleApp\Elsa.Guides.RecurringTask.ConsoleApp.csproj", "{B79BC733-39A1-471F-9A4E-155DB5A69DD1}"
EndProject
Project("{FAE04EC0-301F-11D3-BF4B-00C04F79EFBC}") = "Elsa.Guides.HelloWorld.WebApp", "src\Elsa.Guides.HelloWorld.WebApp\Elsa.Guides.HelloWorld.WebApp.csproj", "{AF1859EB-A819-421E-BC60-62FD239ADE1F}"
EndProject
Project("{FAE04EC0-301F-11D3-BF4B-00C04F79EFBC}") = "Elsa.Guides.DocumentApproval.WebApp", "src\Elsa.Guides.DocumentApproval.WebApp\Elsa.Guides.DocumentApproval.WebApp.csproj", "{809A0DC5-826A-4F2A-BCA2-132B151E1B6B}"
EndProject
Project("{FAE04EC0-301F-11D3-BF4B-00C04F79EFBC}") = "Elsa.Guides.Dashboard.WebApp", "src\Elsa.Guides.Dashboard.WebApp\Elsa.Guides.Dashboard.WebApp.csproj", "{7EBBA06C-0F36-48F4-9610-C0E68F5CDB0D}"
EndProject
Global
	GlobalSection(SolutionConfigurationPlatforms) = preSolution
		Debug|Any CPU = Debug|Any CPU
		Release|Any CPU = Release|Any CPU
	EndGlobalSection
	GlobalSection(ProjectConfigurationPlatforms) = postSolution
		{1F446828-EC07-459A-B1A9-02107CE73D02}.Debug|Any CPU.ActiveCfg = Debug|Any CPU
		{1F446828-EC07-459A-B1A9-02107CE73D02}.Debug|Any CPU.Build.0 = Debug|Any CPU
		{1F446828-EC07-459A-B1A9-02107CE73D02}.Release|Any CPU.ActiveCfg = Release|Any CPU
		{1F446828-EC07-459A-B1A9-02107CE73D02}.Release|Any CPU.Build.0 = Release|Any CPU
		{B79BC733-39A1-471F-9A4E-155DB5A69DD1}.Debug|Any CPU.ActiveCfg = Debug|Any CPU
		{B79BC733-39A1-471F-9A4E-155DB5A69DD1}.Debug|Any CPU.Build.0 = Debug|Any CPU
		{B79BC733-39A1-471F-9A4E-155DB5A69DD1}.Release|Any CPU.ActiveCfg = Release|Any CPU
		{B79BC733-39A1-471F-9A4E-155DB5A69DD1}.Release|Any CPU.Build.0 = Release|Any CPU
		{AF1859EB-A819-421E-BC60-62FD239ADE1F}.Debug|Any CPU.ActiveCfg = Debug|Any CPU
		{AF1859EB-A819-421E-BC60-62FD239ADE1F}.Debug|Any CPU.Build.0 = Debug|Any CPU
		{AF1859EB-A819-421E-BC60-62FD239ADE1F}.Release|Any CPU.ActiveCfg = Release|Any CPU
		{AF1859EB-A819-421E-BC60-62FD239ADE1F}.Release|Any CPU.Build.0 = Release|Any CPU
		{809A0DC5-826A-4F2A-BCA2-132B151E1B6B}.Debug|Any CPU.ActiveCfg = Debug|Any CPU
		{809A0DC5-826A-4F2A-BCA2-132B151E1B6B}.Debug|Any CPU.Build.0 = Debug|Any CPU
		{809A0DC5-826A-4F2A-BCA2-132B151E1B6B}.Release|Any CPU.ActiveCfg = Release|Any CPU
		{809A0DC5-826A-4F2A-BCA2-132B151E1B6B}.Release|Any CPU.Build.0 = Release|Any CPU
		{7EBBA06C-0F36-48F4-9610-C0E68F5CDB0D}.Debug|Any CPU.ActiveCfg = Debug|Any CPU
		{7EBBA06C-0F36-48F4-9610-C0E68F5CDB0D}.Debug|Any CPU.Build.0 = Debug|Any CPU
		{7EBBA06C-0F36-48F4-9610-C0E68F5CDB0D}.Release|Any CPU.ActiveCfg = Release|Any CPU
		{7EBBA06C-0F36-48F4-9610-C0E68F5CDB0D}.Release|Any CPU.Build.0 = Release|Any CPU
	EndGlobalSection
	GlobalSection(NestedProjects) = preSolution
	EndGlobalSection
EndGlobal
