
Microsoft Visual Studio Solution File, Format Version 12.00
Project("{FAE04EC0-301F-11D3-BF4B-00C04F79EFBC}") = "Elsa.Guides.HelloWorld.ConsoleApp", "src\Elsa.Guides.HelloWorld.ConsoleApp\Elsa.Guides.HelloWorld.ConsoleApp.csproj", "{1F446828-EC07-459A-B1A9-02107CE73D02}"
EndProject
Project("{FAE04EC0-301F-11D3-BF4B-00C04F79EFBC}") = "Elsa.Guides.RecurringTask.ConsoleApp", "src\Elsa.Guides.RecurringTask.ConsoleApp\Elsa.Guides.RecurringTask.ConsoleApp.csproj", "{B79BC733-39A1-471F-9A4E-155DB5A69DD1}"
EndProject
Project("{FAE04EC0-301F-11D3-BF4B-00C04F79EFBC}") = "Rtl.Guides.HelloWorld.WebApp", "Rtl.Guides.HelloWorld.WebApp\Rtl.Guides.HelloWorld.WebApp.csproj", "{E1216530-DBBC-43BC-8B4F-72E95C7A181D}"
EndProject
Global
	GlobalSection(SolutionConfigurationPlatforms) = preSolution
		Debug|Any CPU = Debug|Any CPU
		Release|Any CPU = Release|Any CPU
	EndGlobalSection
	GlobalSection(ProjectConfigurationPlatforms) = postSolution
		{1F446828-EC07-459A-B1A9-02107CE73D02}.Debug|Any CPU.ActiveCfg = Debug|Any CPU
		{1F446828-EC07-459A-B1A9-02107CE73D02}.Debug|Any CPU.Build.0 = Debug|Any CPU
		{1F446828-EC07-459A-B1A9-02107CE73D02}.Release|Any CPU.ActiveCfg = Release|Any CPU
		{1F446828-EC07-459A-B1A9-02107CE73D02}.Release|Any CPU.Build.0 = Release|Any CPU
		{B79BC733-39A1-471F-9A4E-155DB5A69DD1}.Debug|Any CPU.ActiveCfg = Debug|Any CPU
		{B79BC733-39A1-471F-9A4E-155DB5A69DD1}.Debug|Any CPU.Build.0 = Debug|Any CPU
		{B79BC733-39A1-471F-9A4E-155DB5A69DD1}.Release|Any CPU.ActiveCfg = Release|Any CPU
		{B79BC733-39A1-471F-9A4E-155DB5A69DD1}.Release|Any CPU.Build.0 = Release|Any CPU
		{E1216530-DBBC-43BC-8B4F-72E95C7A181D}.Debug|Any CPU.ActiveCfg = Debug|Any CPU
		{E1216530-DBBC-43BC-8B4F-72E95C7A181D}.Debug|Any CPU.Build.0 = Debug|Any CPU
		{E1216530-DBBC-43BC-8B4F-72E95C7A181D}.Release|Any CPU.ActiveCfg = Release|Any CPU
		{E1216530-DBBC-43BC-8B4F-72E95C7A181D}.Release|Any CPU.Build.0 = Release|Any CPU
	EndGlobalSection
EndGlobal
