
Microsoft Visual Studio Solution File, Format Version 12.00
# Visual Studio Version 17
VisualStudioVersion = 17.0.31903.59
MinimumVisualStudioVersion = 10.0.40219.1
Project("{FAE04EC0-301F-11D3-BF4B-00C04F79EFBC}") = "ElsaServer", "ElsaServer\ElsaServer.csproj", "{6E11F2A0-8AC7-4058-82C9-C60C60A34484}"
EndProject
Project("{FAE04EC0-301F-11D3-BF4B-00C04F79EFBC}") = "ElsaStudio", "ElsaStudio\ElsaStudio.csproj", "{6FA24672-EF65-4A39-A3CB-7075486D2B65}"
EndProject
Project("{2150E333-8FDC-42A3-9474-1A3956D46DE8}") = "solution", "solution", "{60FD1CC5-A5E3-4AA7-8BEF-128465FE638E}"
	ProjectSection(SolutionItems) = preProject
		README.md = README.md
	EndProjectSection
EndProject
Global
	GlobalSection(SolutionConfigurationPlatforms) = preSolution
		Debug|Any CPU = Debug|Any CPU
		Release|Any CPU = Release|Any CPU
	EndGlobalSection
	GlobalSection(SolutionProperties) = preSolution
		HideSolutionNode = FALSE
	EndGlobalSection
	GlobalSection(ProjectConfigurationPlatforms) = postSolution
		{6E11F2A0-8AC7-4058-82C9-C60C60A34484}.Debug|Any CPU.ActiveCfg = Debug|Any CPU
		{6E11F2A0-8AC7-4058-82C9-C60C60A34484}.Debug|Any CPU.Build.0 = Debug|Any CPU
		{6E11F2A0-8AC7-4058-82C9-C60C60A34484}.Release|Any CPU.ActiveCfg = Release|Any CPU
		{6E11F2A0-8AC7-4058-82C9-C60C60A34484}.Release|Any CPU.Build.0 = Release|Any CPU
		{6FA24672-EF65-4A39-A3CB-7075486D2B65}.Debug|Any CPU.ActiveCfg = Debug|Any CPU
		{6FA24672-EF65-4A39-A3CB-7075486D2B65}.Debug|Any CPU.Build.0 = Debug|Any CPU
		{6FA24672-EF65-4A39-A3CB-7075486D2B65}.Release|Any CPU.ActiveCfg = Release|Any CPU
		{6FA24672-EF65-4A39-A3CB-7075486D2B65}.Release|Any CPU.Build.0 = Release|Any CPU
	EndGlobalSection
EndGlobal
