
Microsoft Visual Studio Solution File, Format Version 12.00
Project("{FAE04EC0-301F-11D3-BF4B-00C04F79EFBC}") = "Elsa.Guides.HelloWorld.ConsoleApp", "Elsa.Guides.HelloWorld.ConsoleApp.csproj", "{C21614E7-7FA7-475D-84EE-FA97E7C800ED}"
EndProject
Global
	GlobalSection(SolutionConfigurationPlatforms) = preSolution
		Debug|Any CPU = Debug|Any CPU
		Release|Any CPU = Release|Any CPU
	EndGlobalSection
	GlobalSection(ProjectConfigurationPlatforms) = postSolution
		{C21614E7-7FA7-475D-84EE-FA97E7C800ED}.Debug|Any CPU.ActiveCfg = Debug|Any CPU
		{C21614E7-7FA7-475D-84EE-FA97E7C800ED}.Debug|Any CPU.Build.0 = Debug|Any CPU
		{C21614E7-7FA7-475D-84EE-FA97E7C800ED}.Release|Any CPU.ActiveCfg = Release|Any CPU
		{C21614E7-7FA7-475D-84EE-FA97E7C800ED}.Release|Any CPU.Build.0 = Release|Any CPU
	EndGlobalSection
EndGlobal
