
Microsoft Visual Studio Solution File, Format Version 12.00
Project("{2150E333-8FDC-42A3-9474-1A3956D46DE8}") = "src", "src", "{D5EA47C9-8141-4EA2-A05E-0DD9D3CCC2DD}"
EndProject
Project("{FAE04EC0-301F-11D3-BF4B-00C04F79EFBC}") = "DocumentManagement.Web", "src\DocumentManagement.Web\DocumentManagement.Web.csproj", "{244A392D-E6ED-4908-9C29-DB88ECFCD8A1}"
EndProject
Project("{2150E333-8FDC-42A3-9474-1A3956D46DE8}") = "solution", "solution", "{8D54BD32-7B9C-4135-90F9-21B38AECE02B}"
ProjectSection(SolutionItems) = preProject
	docker-compose.yaml = docker-compose.yaml
EndProjectSection
EndProject
Project("{FAE04EC0-301F-11D3-BF4B-00C04F79EFBC}") = "DocumentManagement.Workflows", "src\DocumentManagement.Workflows\DocumentManagement.Workflows.csproj", "{61AB7803-A084-404E-AB5C-90ED9CE50C43}"
EndProject
Project("{FAE04EC0-301F-11D3-BF4B-00C04F79EFBC}") = "DocumentManagement.Core", "src\DocumentManagement.Core\DocumentManagement.Core.csproj", "{136842AB-B232-40ED-9B95-A229BE443AB8}"
EndProject
Project("{FAE04EC0-301F-11D3-BF4B-00C04F79EFBC}") = "DocumentManagement.Persistence", "src\DocumentManagement.Persistence\DocumentManagement.Persistence.csproj", "{4BFE6323-B46A-4B26-88B3-33C78A17C6D4}"
EndProject
Global
	GlobalSection(SolutionConfigurationPlatforms) = preSolution
		Debug|Any CPU = Debug|Any CPU
		Release|Any CPU = Release|Any CPU
	EndGlobalSection
	GlobalSection(ProjectConfigurationPlatforms) = postSolution
		{244A392D-E6ED-4908-9C29-DB88ECFCD8A1}.Debug|Any CPU.ActiveCfg = Debug|Any CPU
		{244A392D-E6ED-4908-9C29-DB88ECFCD8A1}.Debug|Any CPU.Build.0 = Debug|Any CPU
		{244A392D-E6ED-4908-9C29-DB88ECFCD8A1}.Release|Any CPU.ActiveCfg = Release|Any CPU
		{244A392D-E6ED-4908-9C29-DB88ECFCD8A1}.Release|Any CPU.Build.0 = Release|Any CPU
		{61AB7803-A084-404E-AB5C-90ED9CE50C43}.Debug|Any CPU.ActiveCfg = Debug|Any CPU
		{61AB7803-A084-404E-AB5C-90ED9CE50C43}.Debug|Any CPU.Build.0 = Debug|Any CPU
		{61AB7803-A084-404E-AB5C-90ED9CE50C43}.Release|Any CPU.ActiveCfg = Release|Any CPU
		{61AB7803-A084-404E-AB5C-90ED9CE50C43}.Release|Any CPU.Build.0 = Release|Any CPU
		{136842AB-B232-40ED-9B95-A229BE443AB8}.Debug|Any CPU.ActiveCfg = Debug|Any CPU
		{136842AB-B232-40ED-9B95-A229BE443AB8}.Debug|Any CPU.Build.0 = Debug|Any CPU
		{136842AB-B232-40ED-9B95-A229BE443AB8}.Release|Any CPU.ActiveCfg = Release|Any CPU
		{136842AB-B232-40ED-9B95-A229BE443AB8}.Release|Any CPU.Build.0 = Release|Any CPU
		{4BFE6323-B46A-4B26-88B3-33C78A17C6D4}.Debug|Any CPU.ActiveCfg = Debug|Any CPU
		{4BFE6323-B46A-4B26-88B3-33C78A17C6D4}.Debug|Any CPU.Build.0 = Debug|Any CPU
		{4BFE6323-B46A-4B26-88B3-33C78A17C6D4}.Release|Any CPU.ActiveCfg = Release|Any CPU
		{4BFE6323-B46A-4B26-88B3-33C78A17C6D4}.Release|Any CPU.Build.0 = Release|Any CPU
	EndGlobalSection
	GlobalSection(NestedProjects) = preSolution
		{244A392D-E6ED-4908-9C29-DB88ECFCD8A1} = {D5EA47C9-8141-4EA2-A05E-0DD9D3CCC2DD}
		{61AB7803-A084-404E-AB5C-90ED9CE50C43} = {D5EA47C9-8141-4EA2-A05E-0DD9D3CCC2DD}
		{136842AB-B232-40ED-9B95-A229BE443AB8} = {D5EA47C9-8141-4EA2-A05E-0DD9D3CCC2DD}
		{4BFE6323-B46A-4B26-88B3-33C78A17C6D4} = {D5EA47C9-8141-4EA2-A05E-0DD9D3CCC2DD}
	EndGlobalSection
EndGlobal
