
Microsoft Visual Studio Solution File, Format Version 12.00
# Visual Studio Version 16
VisualStudioVersion = 16.6.30114.105
MinimumVisualStudioVersion = 10.0.40219.1
Project("{2150E333-8FDC-42A3-9474-1A3956D46DE8}") = "src", "src", "{CE146109-6538-4C49-A8D0-941E47D55531}"
EndProject
Project("{FAE04EC0-301F-11D3-BF4B-00C04F79EFBC}") = "MyActivityLibrary", "src\activities\MyActivityLibrary.csproj", "{F61A3E1A-0DB9-428E-BC0E-7ADD86F66AB1}"
EndProject
Project("{FAE04EC0-301F-11D3-BF4B-00C04F79EFBC}") = "Elsa.Server.Web", "src\web\Elsa.Server.Web.csproj", "{1C524C4D-0A76-4F68-92B0-F1DF46F2F7F1}"
EndProject
Project("{2150E333-8FDC-42A3-9474-1A3956D46DE8}") = "elsa", "elsa", "{B201EE67-D345-437E-96F2-8002B811EE6D}"
EndProject
Project("{FAE04EC0-301F-11D3-BF4B-00C04F79EFBC}") = "Elsa", "..\..\..\core\elsa-core\src\core\Elsa\Elsa.csproj", "{97192DA0-4F93-44FE-968E-F4057839809E}"
EndProject
Project("{FAE04EC0-301F-11D3-BF4B-00C04F79EFBC}") = "Elsa.Abstractions", "..\..\..\core\elsa-core\src\core\Elsa.Abstractions\Elsa.Abstractions.csproj", "{A0B7471A-3364-4A11-BB8D-A76AD24A91D7}"
EndProject
Project("{FAE04EC0-301F-11D3-BF4B-00C04F79EFBC}") = "Elsa.Activities.Console", "..\..\..\core\elsa-core\src\activities\Elsa.Activities.Console\Elsa.Activities.Console.csproj", "{3297BAAC-DC3D-41E3-B343-1663FA1CCC3F}"
EndProject
Project("{FAE04EC0-301F-11D3-BF4B-00C04F79EFBC}") = "Elsa.Activities.Email", "..\..\..\core\elsa-core\src\activities\Elsa.Activities.Email\Elsa.Activities.Email.csproj", "{E6B69BFC-7017-4740-89CE-67CD89103AB2}"
EndProject
Project("{FAE04EC0-301F-11D3-BF4B-00C04F79EFBC}") = "Elsa.Persistence.EntityFramework.Sqlite", "..\..\..\core\elsa-core\src\persistence\Elsa.Persistence.EntityFramework\Elsa.Persistence.EntityFramework.Sqlite\Elsa.Persistence.EntityFramework.Sqlite.csproj", "{FA7E60B7-0417-4219-8594-81DA2A2DD056}"
EndProject
Project("{FAE04EC0-301F-11D3-BF4B-00C04F79EFBC}") = "Elsa.Server.Api", "..\..\..\core\elsa-core\src\server\Elsa.Server.Api\Elsa.Server.Api.csproj", "{1F79A83A-D2E4-42B5-9195-5119D17ED3A0}"
EndProject
Project("{FAE04EC0-301F-11D3-BF4B-00C04F79EFBC}") = "Elsa.Scripting.Liquid", "..\..\..\core\elsa-core\src\scripting\Elsa.Scripting.Liquid\Elsa.Scripting.Liquid.csproj", "{A33741A3-2EE9-4E62-AB54-9DE9E89A49F1}"
EndProject
Project("{FAE04EC0-301F-11D3-BF4B-00C04F79EFBC}") = "Elsa.Core", "..\..\..\core\elsa-core\src\core\Elsa.Core\Elsa.Core.csproj", "{00E69278-F809-4050-B15C-596E7BD4E992}"
EndProject
Project("{FAE04EC0-301F-11D3-BF4B-00C04F79EFBC}") = "Elsa.Scripting.JavaScript", "..\..\..\core\elsa-core\src\scripting\Elsa.Scripting.JavaScript\Elsa.Scripting.JavaScript.csproj", "{7A4AA81C-3133-4C0C-87D3-FA7471857FEA}"
EndProject
Global
	GlobalSection(SolutionConfigurationPlatforms) = preSolution
		Debug|Any CPU = Debug|Any CPU
		Debug|x64 = Debug|x64
		Debug|x86 = Debug|x86
		Release|Any CPU = Release|Any CPU
		Release|x64 = Release|x64
		Release|x86 = Release|x86
	EndGlobalSection
	GlobalSection(SolutionProperties) = preSolution
		HideSolutionNode = FALSE
	EndGlobalSection
	GlobalSection(ProjectConfigurationPlatforms) = postSolution
		{F61A3E1A-0DB9-428E-BC0E-7ADD86F66AB1}.Debug|Any CPU.ActiveCfg = Debug|Any CPU
		{F61A3E1A-0DB9-428E-BC0E-7ADD86F66AB1}.Debug|Any CPU.Build.0 = Debug|Any CPU
		{F61A3E1A-0DB9-428E-BC0E-7ADD86F66AB1}.Debug|x64.ActiveCfg = Debug|Any CPU
		{F61A3E1A-0DB9-428E-BC0E-7ADD86F66AB1}.Debug|x64.Build.0 = Debug|Any CPU
		{F61A3E1A-0DB9-428E-BC0E-7ADD86F66AB1}.Debug|x86.ActiveCfg = Debug|Any CPU
		{F61A3E1A-0DB9-428E-BC0E-7ADD86F66AB1}.Debug|x86.Build.0 = Debug|Any CPU
		{F61A3E1A-0DB9-428E-BC0E-7ADD86F66AB1}.Release|Any CPU.ActiveCfg = Release|Any CPU
		{F61A3E1A-0DB9-428E-BC0E-7ADD86F66AB1}.Release|Any CPU.Build.0 = Release|Any CPU
		{F61A3E1A-0DB9-428E-BC0E-7ADD86F66AB1}.Release|x64.ActiveCfg = Release|Any CPU
		{F61A3E1A-0DB9-428E-BC0E-7ADD86F66AB1}.Release|x64.Build.0 = Release|Any CPU
		{F61A3E1A-0DB9-428E-BC0E-7ADD86F66AB1}.Release|x86.ActiveCfg = Release|Any CPU
		{F61A3E1A-0DB9-428E-BC0E-7ADD86F66AB1}.Release|x86.Build.0 = Release|Any CPU
		{1C524C4D-0A76-4F68-92B0-F1DF46F2F7F1}.Debug|Any CPU.ActiveCfg = Debug|Any CPU
		{1C524C4D-0A76-4F68-92B0-F1DF46F2F7F1}.Debug|Any CPU.Build.0 = Debug|Any CPU
		{1C524C4D-0A76-4F68-92B0-F1DF46F2F7F1}.Debug|x64.ActiveCfg = Debug|Any CPU
		{1C524C4D-0A76-4F68-92B0-F1DF46F2F7F1}.Debug|x64.Build.0 = Debug|Any CPU
		{1C524C4D-0A76-4F68-92B0-F1DF46F2F7F1}.Debug|x86.ActiveCfg = Debug|Any CPU
		{1C524C4D-0A76-4F68-92B0-F1DF46F2F7F1}.Debug|x86.Build.0 = Debug|Any CPU
		{1C524C4D-0A76-4F68-92B0-F1DF46F2F7F1}.Release|Any CPU.ActiveCfg = Release|Any CPU
		{1C524C4D-0A76-4F68-92B0-F1DF46F2F7F1}.Release|Any CPU.Build.0 = Release|Any CPU
		{1C524C4D-0A76-4F68-92B0-F1DF46F2F7F1}.Release|x64.ActiveCfg = Release|Any CPU
		{1C524C4D-0A76-4F68-92B0-F1DF46F2F7F1}.Release|x64.Build.0 = Release|Any CPU
		{1C524C4D-0A76-4F68-92B0-F1DF46F2F7F1}.Release|x86.ActiveCfg = Release|Any CPU
		{1C524C4D-0A76-4F68-92B0-F1DF46F2F7F1}.Release|x86.Build.0 = Release|Any CPU
		{97192DA0-4F93-44FE-968E-F4057839809E}.Debug|Any CPU.ActiveCfg = Debug|Any CPU
		{97192DA0-4F93-44FE-968E-F4057839809E}.Debug|Any CPU.Build.0 = Debug|Any CPU
		{97192DA0-4F93-44FE-968E-F4057839809E}.Debug|x64.ActiveCfg = Debug|Any CPU
		{97192DA0-4F93-44FE-968E-F4057839809E}.Debug|x64.Build.0 = Debug|Any CPU
		{97192DA0-4F93-44FE-968E-F4057839809E}.Debug|x86.ActiveCfg = Debug|Any CPU
		{97192DA0-4F93-44FE-968E-F4057839809E}.Debug|x86.Build.0 = Debug|Any CPU
		{97192DA0-4F93-44FE-968E-F4057839809E}.Release|Any CPU.ActiveCfg = Release|Any CPU
		{97192DA0-4F93-44FE-968E-F4057839809E}.Release|Any CPU.Build.0 = Release|Any CPU
		{97192DA0-4F93-44FE-968E-F4057839809E}.Release|x64.ActiveCfg = Release|Any CPU
		{97192DA0-4F93-44FE-968E-F4057839809E}.Release|x64.Build.0 = Release|Any CPU
		{97192DA0-4F93-44FE-968E-F4057839809E}.Release|x86.ActiveCfg = Release|Any CPU
		{97192DA0-4F93-44FE-968E-F4057839809E}.Release|x86.Build.0 = Release|Any CPU
		{A0B7471A-3364-4A11-BB8D-A76AD24A91D7}.Debug|Any CPU.ActiveCfg = Debug|Any CPU
		{A0B7471A-3364-4A11-BB8D-A76AD24A91D7}.Debug|Any CPU.Build.0 = Debug|Any CPU
		{A0B7471A-3364-4A11-BB8D-A76AD24A91D7}.Debug|x64.ActiveCfg = Debug|Any CPU
		{A0B7471A-3364-4A11-BB8D-A76AD24A91D7}.Debug|x64.Build.0 = Debug|Any CPU
		{A0B7471A-3364-4A11-BB8D-A76AD24A91D7}.Debug|x86.ActiveCfg = Debug|Any CPU
		{A0B7471A-3364-4A11-BB8D-A76AD24A91D7}.Debug|x86.Build.0 = Debug|Any CPU
		{A0B7471A-3364-4A11-BB8D-A76AD24A91D7}.Release|Any CPU.ActiveCfg = Release|Any CPU
		{A0B7471A-3364-4A11-BB8D-A76AD24A91D7}.Release|Any CPU.Build.0 = Release|Any CPU
		{A0B7471A-3364-4A11-BB8D-A76AD24A91D7}.Release|x64.ActiveCfg = Release|Any CPU
		{A0B7471A-3364-4A11-BB8D-A76AD24A91D7}.Release|x64.Build.0 = Release|Any CPU
		{A0B7471A-3364-4A11-BB8D-A76AD24A91D7}.Release|x86.ActiveCfg = Release|Any CPU
		{A0B7471A-3364-4A11-BB8D-A76AD24A91D7}.Release|x86.Build.0 = Release|Any CPU
		{3297BAAC-DC3D-41E3-B343-1663FA1CCC3F}.Debug|Any CPU.ActiveCfg = Debug|Any CPU
		{3297BAAC-DC3D-41E3-B343-1663FA1CCC3F}.Debug|Any CPU.Build.0 = Debug|Any CPU
		{3297BAAC-DC3D-41E3-B343-1663FA1CCC3F}.Debug|x64.ActiveCfg = Debug|Any CPU
		{3297BAAC-DC3D-41E3-B343-1663FA1CCC3F}.Debug|x64.Build.0 = Debug|Any CPU
		{3297BAAC-DC3D-41E3-B343-1663FA1CCC3F}.Debug|x86.ActiveCfg = Debug|Any CPU
		{3297BAAC-DC3D-41E3-B343-1663FA1CCC3F}.Debug|x86.Build.0 = Debug|Any CPU
		{3297BAAC-DC3D-41E3-B343-1663FA1CCC3F}.Release|Any CPU.ActiveCfg = Release|Any CPU
		{3297BAAC-DC3D-41E3-B343-1663FA1CCC3F}.Release|Any CPU.Build.0 = Release|Any CPU
		{3297BAAC-DC3D-41E3-B343-1663FA1CCC3F}.Release|x64.ActiveCfg = Release|Any CPU
		{3297BAAC-DC3D-41E3-B343-1663FA1CCC3F}.Release|x64.Build.0 = Release|Any CPU
		{3297BAAC-DC3D-41E3-B343-1663FA1CCC3F}.Release|x86.ActiveCfg = Release|Any CPU
		{3297BAAC-DC3D-41E3-B343-1663FA1CCC3F}.Release|x86.Build.0 = Release|Any CPU
		{E6B69BFC-7017-4740-89CE-67CD89103AB2}.Debug|Any CPU.ActiveCfg = Debug|Any CPU
		{E6B69BFC-7017-4740-89CE-67CD89103AB2}.Debug|Any CPU.Build.0 = Debug|Any CPU
		{E6B69BFC-7017-4740-89CE-67CD89103AB2}.Debug|x64.ActiveCfg = Debug|Any CPU
		{E6B69BFC-7017-4740-89CE-67CD89103AB2}.Debug|x64.Build.0 = Debug|Any CPU
		{E6B69BFC-7017-4740-89CE-67CD89103AB2}.Debug|x86.ActiveCfg = Debug|Any CPU
		{E6B69BFC-7017-4740-89CE-67CD89103AB2}.Debug|x86.Build.0 = Debug|Any CPU
		{E6B69BFC-7017-4740-89CE-67CD89103AB2}.Release|Any CPU.ActiveCfg = Release|Any CPU
		{E6B69BFC-7017-4740-89CE-67CD89103AB2}.Release|Any CPU.Build.0 = Release|Any CPU
		{E6B69BFC-7017-4740-89CE-67CD89103AB2}.Release|x64.ActiveCfg = Release|Any CPU
		{E6B69BFC-7017-4740-89CE-67CD89103AB2}.Release|x64.Build.0 = Release|Any CPU
		{E6B69BFC-7017-4740-89CE-67CD89103AB2}.Release|x86.ActiveCfg = Release|Any CPU
		{E6B69BFC-7017-4740-89CE-67CD89103AB2}.Release|x86.Build.0 = Release|Any CPU
		{FA7E60B7-0417-4219-8594-81DA2A2DD056}.Debug|Any CPU.ActiveCfg = Debug|Any CPU
		{FA7E60B7-0417-4219-8594-81DA2A2DD056}.Debug|Any CPU.Build.0 = Debug|Any CPU
		{FA7E60B7-0417-4219-8594-81DA2A2DD056}.Debug|x64.ActiveCfg = Debug|Any CPU
		{FA7E60B7-0417-4219-8594-81DA2A2DD056}.Debug|x64.Build.0 = Debug|Any CPU
		{FA7E60B7-0417-4219-8594-81DA2A2DD056}.Debug|x86.ActiveCfg = Debug|Any CPU
		{FA7E60B7-0417-4219-8594-81DA2A2DD056}.Debug|x86.Build.0 = Debug|Any CPU
		{FA7E60B7-0417-4219-8594-81DA2A2DD056}.Release|Any CPU.ActiveCfg = Release|Any CPU
		{FA7E60B7-0417-4219-8594-81DA2A2DD056}.Release|Any CPU.Build.0 = Release|Any CPU
		{FA7E60B7-0417-4219-8594-81DA2A2DD056}.Release|x64.ActiveCfg = Release|Any CPU
		{FA7E60B7-0417-4219-8594-81DA2A2DD056}.Release|x64.Build.0 = Release|Any CPU
		{FA7E60B7-0417-4219-8594-81DA2A2DD056}.Release|x86.ActiveCfg = Release|Any CPU
		{FA7E60B7-0417-4219-8594-81DA2A2DD056}.Release|x86.Build.0 = Release|Any CPU
		{1F79A83A-D2E4-42B5-9195-5119D17ED3A0}.Debug|Any CPU.ActiveCfg = Debug|Any CPU
		{1F79A83A-D2E4-42B5-9195-5119D17ED3A0}.Debug|Any CPU.Build.0 = Debug|Any CPU
		{1F79A83A-D2E4-42B5-9195-5119D17ED3A0}.Debug|x64.ActiveCfg = Debug|Any CPU
		{1F79A83A-D2E4-42B5-9195-5119D17ED3A0}.Debug|x64.Build.0 = Debug|Any CPU
		{1F79A83A-D2E4-42B5-9195-5119D17ED3A0}.Debug|x86.ActiveCfg = Debug|Any CPU
		{1F79A83A-D2E4-42B5-9195-5119D17ED3A0}.Debug|x86.Build.0 = Debug|Any CPU
		{1F79A83A-D2E4-42B5-9195-5119D17ED3A0}.Release|Any CPU.ActiveCfg = Release|Any CPU
		{1F79A83A-D2E4-42B5-9195-5119D17ED3A0}.Release|Any CPU.Build.0 = Release|Any CPU
		{1F79A83A-D2E4-42B5-9195-5119D17ED3A0}.Release|x64.ActiveCfg = Release|Any CPU
		{1F79A83A-D2E4-42B5-9195-5119D17ED3A0}.Release|x64.Build.0 = Release|Any CPU
		{1F79A83A-D2E4-42B5-9195-5119D17ED3A0}.Release|x86.ActiveCfg = Release|Any CPU
		{1F79A83A-D2E4-42B5-9195-5119D17ED3A0}.Release|x86.Build.0 = Release|Any CPU
		{A33741A3-2EE9-4E62-AB54-9DE9E89A49F1}.Debug|Any CPU.ActiveCfg = Debug|Any CPU
		{A33741A3-2EE9-4E62-AB54-9DE9E89A49F1}.Debug|Any CPU.Build.0 = Debug|Any CPU
		{A33741A3-2EE9-4E62-AB54-9DE9E89A49F1}.Debug|x64.ActiveCfg = Debug|Any CPU
		{A33741A3-2EE9-4E62-AB54-9DE9E89A49F1}.Debug|x64.Build.0 = Debug|Any CPU
		{A33741A3-2EE9-4E62-AB54-9DE9E89A49F1}.Debug|x86.ActiveCfg = Debug|Any CPU
		{A33741A3-2EE9-4E62-AB54-9DE9E89A49F1}.Debug|x86.Build.0 = Debug|Any CPU
		{A33741A3-2EE9-4E62-AB54-9DE9E89A49F1}.Release|Any CPU.ActiveCfg = Release|Any CPU
		{A33741A3-2EE9-4E62-AB54-9DE9E89A49F1}.Release|Any CPU.Build.0 = Release|Any CPU
		{A33741A3-2EE9-4E62-AB54-9DE9E89A49F1}.Release|x64.ActiveCfg = Release|Any CPU
		{A33741A3-2EE9-4E62-AB54-9DE9E89A49F1}.Release|x64.Build.0 = Release|Any CPU
		{A33741A3-2EE9-4E62-AB54-9DE9E89A49F1}.Release|x86.ActiveCfg = Release|Any CPU
		{A33741A3-2EE9-4E62-AB54-9DE9E89A49F1}.Release|x86.Build.0 = Release|Any CPU
		{00E69278-F809-4050-B15C-596E7BD4E992}.Debug|Any CPU.ActiveCfg = Debug|Any CPU
		{00E69278-F809-4050-B15C-596E7BD4E992}.Debug|Any CPU.Build.0 = Debug|Any CPU
		{00E69278-F809-4050-B15C-596E7BD4E992}.Debug|x64.ActiveCfg = Debug|Any CPU
		{00E69278-F809-4050-B15C-596E7BD4E992}.Debug|x64.Build.0 = Debug|Any CPU
		{00E69278-F809-4050-B15C-596E7BD4E992}.Debug|x86.ActiveCfg = Debug|Any CPU
		{00E69278-F809-4050-B15C-596E7BD4E992}.Debug|x86.Build.0 = Debug|Any CPU
		{00E69278-F809-4050-B15C-596E7BD4E992}.Release|Any CPU.ActiveCfg = Release|Any CPU
		{00E69278-F809-4050-B15C-596E7BD4E992}.Release|Any CPU.Build.0 = Release|Any CPU
		{00E69278-F809-4050-B15C-596E7BD4E992}.Release|x64.ActiveCfg = Release|Any CPU
		{00E69278-F809-4050-B15C-596E7BD4E992}.Release|x64.Build.0 = Release|Any CPU
		{00E69278-F809-4050-B15C-596E7BD4E992}.Release|x86.ActiveCfg = Release|Any CPU
		{00E69278-F809-4050-B15C-596E7BD4E992}.Release|x86.Build.0 = Release|Any CPU
		{7A4AA81C-3133-4C0C-87D3-FA7471857FEA}.Debug|Any CPU.ActiveCfg = Debug|Any CPU
		{7A4AA81C-3133-4C0C-87D3-FA7471857FEA}.Debug|Any CPU.Build.0 = Debug|Any CPU
		{7A4AA81C-3133-4C0C-87D3-FA7471857FEA}.Debug|x64.ActiveCfg = Debug|Any CPU
		{7A4AA81C-3133-4C0C-87D3-FA7471857FEA}.Debug|x64.Build.0 = Debug|Any CPU
		{7A4AA81C-3133-4C0C-87D3-FA7471857FEA}.Debug|x86.ActiveCfg = Debug|Any CPU
		{7A4AA81C-3133-4C0C-87D3-FA7471857FEA}.Debug|x86.Build.0 = Debug|Any CPU
		{7A4AA81C-3133-4C0C-87D3-FA7471857FEA}.Release|Any CPU.ActiveCfg = Release|Any CPU
		{7A4AA81C-3133-4C0C-87D3-FA7471857FEA}.Release|Any CPU.Build.0 = Release|Any CPU
		{7A4AA81C-3133-4C0C-87D3-FA7471857FEA}.Release|x64.ActiveCfg = Release|Any CPU
		{7A4AA81C-3133-4C0C-87D3-FA7471857FEA}.Release|x64.Build.0 = Release|Any CPU
		{7A4AA81C-3133-4C0C-87D3-FA7471857FEA}.Release|x86.ActiveCfg = Release|Any CPU
		{7A4AA81C-3133-4C0C-87D3-FA7471857FEA}.Release|x86.Build.0 = Release|Any CPU
	EndGlobalSection
	GlobalSection(NestedProjects) = preSolution
		{F61A3E1A-0DB9-428E-BC0E-7ADD86F66AB1} = {CE146109-6538-4C49-A8D0-941E47D55531}
		{1C524C4D-0A76-4F68-92B0-F1DF46F2F7F1} = {CE146109-6538-4C49-A8D0-941E47D55531}
		{97192DA0-4F93-44FE-968E-F4057839809E} = {B201EE67-D345-437E-96F2-8002B811EE6D}
		{A0B7471A-3364-4A11-BB8D-A76AD24A91D7} = {B201EE67-D345-437E-96F2-8002B811EE6D}
		{3297BAAC-DC3D-41E3-B343-1663FA1CCC3F} = {B201EE67-D345-437E-96F2-8002B811EE6D}
		{E6B69BFC-7017-4740-89CE-67CD89103AB2} = {B201EE67-D345-437E-96F2-8002B811EE6D}
		{FA7E60B7-0417-4219-8594-81DA2A2DD056} = {B201EE67-D345-437E-96F2-8002B811EE6D}
		{1F79A83A-D2E4-42B5-9195-5119D17ED3A0} = {B201EE67-D345-437E-96F2-8002B811EE6D}
		{A33741A3-2EE9-4E62-AB54-9DE9E89A49F1} = {B201EE67-D345-437E-96F2-8002B811EE6D}
		{00E69278-F809-4050-B15C-596E7BD4E992} = {B201EE67-D345-437E-96F2-8002B811EE6D}
		{7A4AA81C-3133-4C0C-87D3-FA7471857FEA} = {B201EE67-D345-437E-96F2-8002B811EE6D}
	EndGlobalSection
EndGlobal
